
Microsoft Visual Studio Solution File, Format Version 12.00
# Visual Studio Version 16
VisualStudioVersion = 16.0.30804.86
MinimumVisualStudioVersion = 10.0.40219.1
Project("{9A19103F-16F7-4668-BE54-9A1E7A4F7556}") = "WebCalculadora", "WebCalculadora\WebCalculadora.csproj", "{A237CA79-1E25-4C12-B6C2-A00DDD273697}"
EndProject
Project("{FAE04EC0-301F-11D3-BF4B-00C04F79EFBC}") = "NUnitTestCalculadora", "NUnitTestCalculadora\NUnitTestCalculadora.csproj", "{9FDB5BD1-4EA1-4E20-9B1E-2ED95985C41A}"
EndProject
Global
	GlobalSection(SolutionConfigurationPlatforms) = preSolution
		Debug|Any CPU = Debug|Any CPU
		Release|Any CPU = Release|Any CPU
	EndGlobalSection
	GlobalSection(ProjectConfigurationPlatforms) = postSolution
		{A237CA79-1E25-4C12-B6C2-A00DDD273697}.Debug|Any CPU.ActiveCfg = Debug|Any CPU
		{A237CA79-1E25-4C12-B6C2-A00DDD273697}.Debug|Any CPU.Build.0 = Debug|Any CPU
		{A237CA79-1E25-4C12-B6C2-A00DDD273697}.Release|Any CPU.ActiveCfg = Release|Any CPU
		{A237CA79-1E25-4C12-B6C2-A00DDD273697}.Release|Any CPU.Build.0 = Release|Any CPU
		{9FDB5BD1-4EA1-4E20-9B1E-2ED95985C41A}.Debug|Any CPU.ActiveCfg = Debug|Any CPU
		{9FDB5BD1-4EA1-4E20-9B1E-2ED95985C41A}.Debug|Any CPU.Build.0 = Debug|Any CPU
		{9FDB5BD1-4EA1-4E20-9B1E-2ED95985C41A}.Release|Any CPU.ActiveCfg = Release|Any CPU
		{9FDB5BD1-4EA1-4E20-9B1E-2ED95985C41A}.Release|Any CPU.Build.0 = Release|Any CPU
	EndGlobalSection
	GlobalSection(SolutionProperties) = preSolution
		HideSolutionNode = FALSE
	EndGlobalSection
	GlobalSection(ExtensibilityGlobals) = postSolution
		SolutionGuid = {2F1998FA-2CB2-476C-A931-03A73BC689FD}
	EndGlobalSection
EndGlobal
